
Microsoft Visual Studio Solution File, Format Version 12.00
# Visual Studio Version 17
VisualStudioVersion = 17.6.33815.320
MinimumVisualStudioVersion = 10.0.40219.1
Project("{8BC9CEB8-8B4A-11D0-8D11-00A0C91BC942}") = "enum_real_dirbase", "enum_real_dirbase\enum_real_dirbase.vcxproj", "{5361CFD3-1F11-4DAC-91DA-48572399DB3E}"
EndProject
Global
	GlobalSection(SolutionConfigurationPlatforms) = preSolution
		Debug|ARM64 = Debug|ARM64
		Debug|x64 = Debug|x64
		Release|ARM64 = Release|ARM64
		Release|x64 = Release|x64
	EndGlobalSection
	GlobalSection(ProjectConfigurationPlatforms) = postSolution
		{5361CFD3-1F11-4DAC-91DA-48572399DB3E}.Debug|ARM64.ActiveCfg = Debug|ARM64
		{5361CFD3-1F11-4DAC-91DA-48572399DB3E}.Debug|ARM64.Build.0 = Debug|ARM64
		{5361CFD3-1F11-4DAC-91DA-48572399DB3E}.Debug|ARM64.Deploy.0 = Debug|ARM64
		{5361CFD3-1F11-4DAC-91DA-48572399DB3E}.Debug|x64.ActiveCfg = Debug|x64
		{5361CFD3-1F11-4DAC-91DA-48572399DB3E}.Debug|x64.Build.0 = Debug|x64
		{5361CFD3-1F11-4DAC-91DA-48572399DB3E}.Debug|x64.Deploy.0 = Debug|x64
		{5361CFD3-1F11-4DAC-91DA-48572399DB3E}.Release|ARM64.ActiveCfg = Release|ARM64
		{5361CFD3-1F11-4DAC-91DA-48572399DB3E}.Release|ARM64.Build.0 = Release|ARM64
		{5361CFD3-1F11-4DAC-91DA-48572399DB3E}.Release|ARM64.Deploy.0 = Release|ARM64
		{5361CFD3-1F11-4DAC-91DA-48572399DB3E}.Release|x64.ActiveCfg = Release|x64
		{5361CFD3-1F11-4DAC-91DA-48572399DB3E}.Release|x64.Build.0 = Release|x64
		{5361CFD3-1F11-4DAC-91DA-48572399DB3E}.Release|x64.Deploy.0 = Release|x64
	EndGlobalSection
	GlobalSection(SolutionProperties) = preSolution
		HideSolutionNode = FALSE
	EndGlobalSection
	GlobalSection(ExtensibilityGlobals) = postSolution
		SolutionGuid = {8FAC03B3-F1F1-4103-AE1F-9C322740E42B}
	EndGlobalSection
EndGlobal
